
Microsoft Visual Studio Solution File, Format Version 12.00
# Visual Studio Version 16
VisualStudioVersion = 16.0.29411.108
MinimumVisualStudioVersion = 10.0.40219.1
Project("{FAE04EC0-301F-11D3-BF4B-00C04F79EFBC}") = "Source.JetBrains.Annotations", "Source.JetBrains.Annotations\Source.JetBrains.Annotations.csproj", "{F38517E9-56BD-4E8E-9758-2EFB1EA7C988}"
EndProject
Global
	GlobalSection(SolutionConfigurationPlatforms) = preSolution
		Debug|Any CPU = Debug|Any CPU
		Release|Any CPU = Release|Any CPU
	EndGlobalSection
	GlobalSection(ProjectConfigurationPlatforms) = postSolution
		{F38517E9-56BD-4E8E-9758-2EFB1EA7C988}.Debug|Any CPU.ActiveCfg = Debug|Any CPU
		{F38517E9-56BD-4E8E-9758-2EFB1EA7C988}.Debug|Any CPU.Build.0 = Debug|Any CPU
		{F38517E9-56BD-4E8E-9758-2EFB1EA7C988}.Release|Any CPU.ActiveCfg = Release|Any CPU
		{F38517E9-56BD-4E8E-9758-2EFB1EA7C988}.Release|Any CPU.Build.0 = Release|Any CPU
	EndGlobalSection
	GlobalSection(SolutionProperties) = preSolution
		HideSolutionNode = FALSE
	EndGlobalSection
	GlobalSection(ExtensibilityGlobals) = postSolution
		SolutionGuid = {60A16AD9-66CA-4506-B207-DCD2D0ABA18A}
	EndGlobalSection
EndGlobal
